
Microsoft Visual Studio Solution File, Format Version 12.00
# Visual Studio Version 16
VisualStudioVersion = 16.0.30523.141
MinimumVisualStudioVersion = 10.0.40219.1
Project("{FAE04EC0-301F-11D3-BF4B-00C04F79EFBC}") = "руслан 1.2", "руслан 1.2\руслан 1.2.csproj", "{2CAC8754-8258-4EE5-84A4-DDB3D2A4565A}"
EndProject
Global
	GlobalSection(SolutionConfigurationPlatforms) = preSolution
		Debug|Any CPU = Debug|Any CPU
		Release|Any CPU = Release|Any CPU
	EndGlobalSection
	GlobalSection(ProjectConfigurationPlatforms) = postSolution
		{2CAC8754-8258-4EE5-84A4-DDB3D2A4565A}.Debug|Any CPU.ActiveCfg = Debug|Any CPU
		{2CAC8754-8258-4EE5-84A4-DDB3D2A4565A}.Debug|Any CPU.Build.0 = Debug|Any CPU
		{2CAC8754-8258-4EE5-84A4-DDB3D2A4565A}.Release|Any CPU.ActiveCfg = Release|Any CPU
		{2CAC8754-8258-4EE5-84A4-DDB3D2A4565A}.Release|Any CPU.Build.0 = Release|Any CPU
	EndGlobalSection
	GlobalSection(SolutionProperties) = preSolution
		HideSolutionNode = FALSE
	EndGlobalSection
	GlobalSection(ExtensibilityGlobals) = postSolution
		SolutionGuid = {9DC1FC13-45AD-4603-8E09-F86C5C0BB955}
	EndGlobalSection
EndGlobal
